
Microsoft Visual Studio Solution File, Format Version 12.00
# Visual Studio Version 17
VisualStudioVersion = 17.1.32210.238
MinimumVisualStudioVersion = 10.0.40219.1
Project("{FAE04EC0-301F-11D3-BF4B-00C04F79EFBC}") = "CarUnitTest", "CarUnitTest\CarUnitTest.csproj", "{CC19434C-77B6-4C04-88C2-DE9AC5C6F979}"
EndProject
Project("{FAE04EC0-301F-11D3-BF4B-00C04F79EFBC}") = "CarUnitTestTests", "CarUnitTestTests\CarUnitTestTests.csproj", "{D1C4A3FA-DAB2-4B78-8D7A-762BDA71D85B}"
EndProject
Global
	GlobalSection(SolutionConfigurationPlatforms) = preSolution
		Debug|Any CPU = Debug|Any CPU
		Release|Any CPU = Release|Any CPU
	EndGlobalSection
	GlobalSection(ProjectConfigurationPlatforms) = postSolution
		{CC19434C-77B6-4C04-88C2-DE9AC5C6F979}.Debug|Any CPU.ActiveCfg = Debug|Any CPU
		{CC19434C-77B6-4C04-88C2-DE9AC5C6F979}.Debug|Any CPU.Build.0 = Debug|Any CPU
		{CC19434C-77B6-4C04-88C2-DE9AC5C6F979}.Release|Any CPU.ActiveCfg = Release|Any CPU
		{CC19434C-77B6-4C04-88C2-DE9AC5C6F979}.Release|Any CPU.Build.0 = Release|Any CPU
		{D1C4A3FA-DAB2-4B78-8D7A-762BDA71D85B}.Debug|Any CPU.ActiveCfg = Debug|Any CPU
		{D1C4A3FA-DAB2-4B78-8D7A-762BDA71D85B}.Debug|Any CPU.Build.0 = Debug|Any CPU
		{D1C4A3FA-DAB2-4B78-8D7A-762BDA71D85B}.Release|Any CPU.ActiveCfg = Release|Any CPU
		{D1C4A3FA-DAB2-4B78-8D7A-762BDA71D85B}.Release|Any CPU.Build.0 = Release|Any CPU
	EndGlobalSection
	GlobalSection(SolutionProperties) = preSolution
		HideSolutionNode = FALSE
	EndGlobalSection
	GlobalSection(ExtensibilityGlobals) = postSolution
		SolutionGuid = {21871B7A-02FE-4FC2-B1C7-FD9644790C56}
	EndGlobalSection
EndGlobal
